
Microsoft Visual Studio Solution File, Format Version 12.00
# Visual Studio Version 17
VisualStudioVersion = 17.14.36414.22 d17.14
MinimumVisualStudioVersion = 10.0.40219.1
Project("{FAE04EC0-301F-11D3-BF4B-00C04F79EFBC}") = "ABCRetailCloudSolution", "ABCRetailCloudSolution\ABCRetailCloudSolution.csproj", "{C55D91CE-A379-4733-87FA-7A4DE678A76B}"
EndProject
Global
	GlobalSection(SolutionConfigurationPlatforms) = preSolution
		Debug|Any CPU = Debug|Any CPU
		Release|Any CPU = Release|Any CPU
	EndGlobalSection
	GlobalSection(ProjectConfigurationPlatforms) = postSolution
		{C55D91CE-A379-4733-87FA-7A4DE678A76B}.Debug|Any CPU.ActiveCfg = Debug|Any CPU
		{C55D91CE-A379-4733-87FA-7A4DE678A76B}.Debug|Any CPU.Build.0 = Debug|Any CPU
		{C55D91CE-A379-4733-87FA-7A4DE678A76B}.Release|Any CPU.ActiveCfg = Release|Any CPU
		{C55D91CE-A379-4733-87FA-7A4DE678A76B}.Release|Any CPU.Build.0 = Release|Any CPU
	EndGlobalSection
	GlobalSection(SolutionProperties) = preSolution
		HideSolutionNode = FALSE
	EndGlobalSection
	GlobalSection(ExtensibilityGlobals) = postSolution
		SolutionGuid = {33EA3448-AA20-4950-981F-3CC49B4671D2}
	EndGlobalSection
EndGlobal
